// !$*UTF8*$!
{
	archiveVersion = 1;
	classes = {
	};
	objectVersion = 56;
	objects = {

/* Begin PBXBuildFile section */
		9C25DDBC2A7BB23400D5700C /* AppDelegate.swift in Sources */ = {isa = PBXBuildFile; fileRef = 9C25DDBB2A7BB23400D5700C /* AppDelegate.swift */; };
		9C25DDBE2A7BB23400D5700C /* SceneDelegate.swift in Sources */ = {isa = PBXBuildFile; fileRef = 9C25DDBD2A7BB23400D5700C /* SceneDelegate.swift */; };
		9C25DDC02A7BB23400D5700C /* EntitiesListViewController.swift in Sources */ = {isa = PBXBuildFile; fileRef = 9C25DDBF2A7BB23400D5700C /* EntitiesListViewController.swift */; };
		9C25DDC62A7BB23400D5700C /* TestList.xcdatamodeld in Sources */ = {isa = PBXBuildFile; fileRef = 9C25DDC42A7BB23400D5700C /* TestList.xcdatamodeld */; };
		9C25DDC82A7BB23500D5700C /* Assets.xcassets in Resources */ = {isa = PBXBuildFile; fileRef = 9C25DDC72A7BB23500D5700C /* Assets.xcassets */; };
		9C25DDCB2A7BB23500D5700C /* LaunchScreen.storyboard in Resources */ = {isa = PBXBuildFile; fileRef = 9C25DDC92A7BB23500D5700C /* LaunchScreen.storyboard */; };
		9C25DDD42A7BB30800D5700C /* MyEntity+CoreDataClass.swift in Sources */ = {isa = PBXBuildFile; fileRef = 9C25DDD22A7BB30800D5700C /* MyEntity+CoreDataClass.swift */; };
		9C25DDD52A7BB30800D5700C /* MyEntity+CoreDataProperties.swift in Sources */ = {isa = PBXBuildFile; fileRef = 9C25DDD32A7BB30800D5700C /* MyEntity+CoreDataProperties.swift */; };
		9C25DDD92A7BD08600D5700C /* EntityCell.swift in Sources */ = {isa = PBXBuildFile; fileRef = 9C25DDD82A7BD08600D5700C /* EntityCell.swift */; };
		9C25DDDB2A7BD0CF00D5700C /* DateFormatter+Extensions.swift in Sources */ = {isa = PBXBuildFile; fileRef = 9C25DDDA2A7BD0CF00D5700C /* DateFormatter+Extensions.swift */; };
/* End PBXBuildFile section */

/* Begin PBXFileReference section */
		9C25DDB82A7BB23400D5700C /* TestList.app */ = {isa = PBXFileReference; explicitFileType = wrapper.application; includeInIndex = 0; path = TestList.app; sourceTree = BUILT_PRODUCTS_DIR; };
		9C25DDBB2A7BB23400D5700C /* AppDelegate.swift */ = {isa = PBXFileReference; lastKnownFileType = sourcecode.swift; path = AppDelegate.swift; sourceTree = "<group>"; };
		9C25DDBD2A7BB23400D5700C /* SceneDelegate.swift */ = {isa = PBXFileReference; lastKnownFileType = sourcecode.swift; path = SceneDelegate.swift; sourceTree = "<group>"; };
		9C25DDBF2A7BB23400D5700C /* EntitiesListViewController.swift */ = {isa = PBXFileReference; lastKnownFileType = sourcecode.swift; path = EntitiesListViewController.swift; sourceTree = "<group>"; };
		9C25DDC52A7BB23400D5700C /* TestList.xcdatamodel */ = {isa = PBXFileReference; lastKnownFileType = wrapper.xcdatamodel; path = TestList.xcdatamodel; sourceTree = "<group>"; };
		9C25DDC72A7BB23500D5700C /* Assets.xcassets */ = {isa = PBXFileReference; lastKnownFileType = folder.assetcatalog; path = Assets.xcassets; sourceTree = "<group>"; };
		9C25DDCA2A7BB23500D5700C /* Base */ = {isa = PBXFileReference; lastKnownFileType = file.storyboard; name = Base; path = Base.lproj/LaunchScreen.storyboard; sourceTree = "<group>"; };
		9C25DDCC2A7BB23500D5700C /* Info.plist */ = {isa = PBXFileReference; lastKnownFileType = text.plist.xml; path = Info.plist; sourceTree = "<group>"; };
		9C25DDD22A7BB30800D5700C /* MyEntity+CoreDataClass.swift */ = {isa = PBXFileReference; lastKnownFileType = sourcecode.swift; path = "MyEntity+CoreDataClass.swift"; sourceTree = "<group>"; };
		9C25DDD32A7BB30800D5700C /* MyEntity+CoreDataProperties.swift */ = {isa = PBXFileReference; lastKnownFileType = sourcecode.swift; path = "MyEntity+CoreDataProperties.swift"; sourceTree = "<group>"; };
		9C25DDD82A7BD08600D5700C /* EntityCell.swift */ = {isa = PBXFileReference; lastKnownFileType = sourcecode.swift; path = EntityCell.swift; sourceTree = "<group>"; };
		9C25DDDA2A7BD0CF00D5700C /* DateFormatter+Extensions.swift */ = {isa = PBXFileReference; lastKnownFileType = sourcecode.swift; path = "DateFormatter+Extensions.swift"; sourceTree = "<group>"; };
/* End PBXFileReference section */

/* Begin PBXFrameworksBuildPhase section */
		9C25DDB52A7BB23400D5700C /* Frameworks */ = {
			isa = PBXFrameworksBuildPhase;
			buildActionMask = 2147483647;
			files = (
			);
			runOnlyForDeploymentPostprocessing = 0;
		};
/* End PBXFrameworksBuildPhase section */

/* Begin PBXGroup section */
		9C25DDAF2A7BB23400D5700C = {
			isa = PBXGroup;
			children = (
				9C25DDB92A7BB23400D5700C /* Products */,
				9C25DDBA2A7BB23400D5700C /* TestList */,
			);
			sourceTree = "<group>";
		};
		9C25DDB92A7BB23400D5700C /* Products */ = {
			isa = PBXGroup;
			children = (
				9C25DDB82A7BB23400D5700C /* TestList.app */,
			);
			name = Products;
			sourceTree = "<group>";
		};
		9C25DDBA2A7BB23400D5700C /* TestList */ = {
			isa = PBXGroup;
			children = (
				9C25DDCC2A7BB23500D5700C /* Info.plist */,
				9C25DDBB2A7BB23400D5700C /* AppDelegate.swift */,
				9C25DDDA2A7BD0CF00D5700C /* DateFormatter+Extensions.swift */,
				9C25DDBD2A7BB23400D5700C /* SceneDelegate.swift */,
				9C25DDC72A7BB23500D5700C /* Assets.xcassets */,
				9C25DDD72A7BD07A00D5700C /* EntitiesList */,
				9C25DDD62A7BCF2900D5700C /* Entity */,
				9C25DDC92A7BB23500D5700C /* LaunchScreen.storyboard */,
				9C25DDC42A7BB23400D5700C /* TestList.xcdatamodeld */,
			);
			path = TestList;
			sourceTree = "<group>";
		};
		9C25DDD62A7BCF2900D5700C /* Entity */ = {
			isa = PBXGroup;
			children = (
				9C25DDD22A7BB30800D5700C /* MyEntity+CoreDataClass.swift */,
				9C25DDD32A7BB30800D5700C /* MyEntity+CoreDataProperties.swift */,
			);
			path = Entity;
			sourceTree = "<group>";
		};
		9C25DDD72A7BD07A00D5700C /* EntitiesList */ = {
			isa = PBXGroup;
			children = (
				9C25DDBF2A7BB23400D5700C /* EntitiesListViewController.swift */,
				9C25DDD82A7BD08600D5700C /* EntityCell.swift */,
			);
			path = EntitiesList;
			sourceTree = "<group>";
		};
/* End PBXGroup section */

/* Begin PBXNativeTarget section */
		9C25DDB72A7BB23400D5700C /* TestList */ = {
			isa = PBXNativeTarget;
			buildConfigurationList = 9C25DDCF2A7BB23500D5700C /* Build configuration list for PBXNativeTarget "TestList" */;
			buildPhases = (
				9C25DDB42A7BB23400D5700C /* Sources */,
				9C25DDB52A7BB23400D5700C /* Frameworks */,
				9C25DDB62A7BB23400D5700C /* Resources */,
			);
			buildRules = (
			);
			dependencies = (
			);
			name = TestList;
			productName = TestList;
			productReference = 9C25DDB82A7BB23400D5700C /* TestList.app */;
			productType = "com.apple.product-type.application";
		};
/* End PBXNativeTarget section */

/* Begin PBXProject section */
		9C25DDB02A7BB23400D5700C /* Project object */ = {
			isa = PBXProject;
			attributes = {
				BuildIndependentTargetsInParallel = 1;
				LastSwiftUpdateCheck = 1430;
				LastUpgradeCheck = 1430;
				TargetAttributes = {
					9C25DDB72A7BB23400D5700C = {
						CreatedOnToolsVersion = 14.3;
					};
				};
			};
			buildConfigurationList = 9C25DDB32A7BB23400D5700C /* Build configuration list for PBXProject "TestList" */;
			compatibilityVersion = "Xcode 14.0";
			developmentRegion = en;
			hasScannedForEncodings = 0;
			knownRegions = (
				en,
				Base,
			);
			mainGroup = 9C25DDAF2A7BB23400D5700C;
			productRefGroup = 9C25DDB92A7BB23400D5700C /* Products */;
			projectDirPath = "";
			projectRoot = "";
			targets = (
				9C25DDB72A7BB23400D5700C /* TestList */,
			);
		};
/* End PBXProject section */

/* Begin PBXResourcesBuildPhase section */
		9C25DDB62A7BB23400D5700C /* Resources */ = {
			isa = PBXResourcesBuildPhase;
			buildActionMask = 2147483647;
			files = (
				9C25DDCB2A7BB23500D5700C /* LaunchScreen.storyboard in Resources */,
				9C25DDC82A7BB23500D5700C /* Assets.xcassets in Resources */,
			);
			runOnlyForDeploymentPostprocessing = 0;
		};
/* End PBXResourcesBuildPhase section */

/* Begin PBXSourcesBuildPhase section */
		9C25DDB42A7BB23400D5700C /* Sources */ = {
			isa = PBXSourcesBuildPhase;
			buildActionMask = 2147483647;
			files = (
				9C25DDD52A7BB30800D5700C /* MyEntity+CoreDataProperties.swift in Sources */,
				9C25DDD42A7BB30800D5700C /* MyEntity+CoreDataClass.swift in Sources */,
				9C25DDC02A7BB23400D5700C /* EntitiesListViewController.swift in Sources */,
				9C25DDC62A7BB23400D5700C /* TestList.xcdatamodeld in Sources */,
				9C25DDD92A7BD08600D5700C /* EntityCell.swift in Sources */,
				9C25DDBC2A7BB23400D5700C /* AppDelegate.swift in Sources */,
				9C25DDDB2A7BD0CF00D5700C /* DateFormatter+Extensions.swift in Sources */,
				9C25DDBE2A7BB23400D5700C /* SceneDelegate.swift in Sources */,
			);
			runOnlyForDeploymentPostprocessing = 0;
		};
/* End PBXSourcesBuildPhase section */

/* Begin PBXVariantGroup section */
		9C25DDC92A7BB23500D5700C /* LaunchScreen.storyboard */ = {
			isa = PBXVariantGroup;
			children = (
				9C25DDCA2A7BB23500D5700C /* Base */,
			);
			name = LaunchScreen.storyboard;
			sourceTree = "<group>";
		};
/* End PBXVariantGroup section */

/* Begin XCBuildConfiguration section */
		9C25DDCD2A7BB23500D5700C /* Debug */ = {
			isa = XCBuildConfiguration;
			buildSettings = {
				ALWAYS_SEARCH_USER_PATHS = NO;
				CLANG_ANALYZER_NONNULL = YES;
				CLANG_ANALYZER_NUMBER_OBJECT_CONVERSION = YES_AGGRESSIVE;
				CLANG_CXX_LANGUAGE_STANDARD = "gnu++20";
				CLANG_ENABLE_MODULES = YES;
				CLANG_ENABLE_OBJC_ARC = YES;
				CLANG_ENABLE_OBJC_WEAK = YES;
				CLANG_WARN_BLOCK_CAPTURE_AUTORELEASING = YES;
				CLANG_WARN_BOOL_CONVERSION = YES;
				CLANG_WARN_COMMA = YES;
				CLANG_WARN_CONSTANT_CONVERSION = YES;
				CLANG_WARN_DEPRECATED_OBJC_IMPLEMENTATIONS = YES;
				CLANG_WARN_DIRECT_OBJC_ISA_USAGE = YES_ERROR;
				CLANG_WARN_DOCUMENTATION_COMMENTS = YES;
				CLANG_WARN_EMPTY_BODY = YES;
				CLANG_WARN_ENUM_CONVERSION = YES;
				CLANG_WARN_INFINITE_RECURSION = YES;
				CLANG_WARN_INT_CONVERSION = YES;
				CLANG_WARN_NON_LITERAL_NULL_CONVERSION = YES;
				CLANG_WARN_OBJC_IMPLICIT_RETAIN_SELF = YES;
				CLANG_WARN_OBJC_LITERAL_CONVERSION = YES;
				CLANG_WARN_OBJC_ROOT_CLASS = YES_ERROR;
				CLANG_WARN_QUOTED_INCLUDE_IN_FRAMEWORK_HEADER = YES;
				CLANG_WARN_RANGE_LOOP_ANALYSIS = YES;
				CLANG_WARN_STRICT_PROTOTYPES = YES;
				CLANG_WARN_SUSPICIOUS_MOVE = YES;
				CLANG_WARN_UNGUARDED_AVAILABILITY = YES_AGGRESSIVE;
				CLANG_WARN_UNREACHABLE_CODE = YES;
				CLANG_WARN__DUPLICATE_METHOD_MATCH = YES;
				COPY_PHASE_STRIP = NO;
				DEBUG_INFORMATION_FORMAT = dwarf;
				ENABLE_STRICT_OBJC_MSGSEND = YES;
				ENABLE_TESTABILITY = YES;
				GCC_C_LANGUAGE_STANDARD = gnu11;
				GCC_DYNAMIC_NO_PIC = NO;
				GCC_NO_COMMON_BLOCKS = YES;
				GCC_OPTIMIZATION_LEVEL = 0;
				GCC_PREPROCESSOR_DEFINITIONS = (
					"DEBUG=1",
					"$(inherited)",
				);
				GCC_WARN_64_TO_32_BIT_CONVERSION = YES;
				GCC_WARN_ABOUT_RETURN_TYPE = YES_ERROR;
				GCC_WARN_UNDECLARED_SELECTOR = YES;
				GCC_WARN_UNINITIALIZED_AUTOS = YES_AGGRESSIVE;
				GCC_WARN_UNUSED_FUNCTION = YES;
				GCC_WARN_UNUSED_VARIABLE = YES;
				IPHONEOS_DEPLOYMENT_TARGET = 16.4;
				MTL_ENABLE_DEBUG_INFO = INCLUDE_SOURCE;
				MTL_FAST_MATH = YES;
				ONLY_ACTIVE_ARCH = YES;
				SDKROOT = iphoneos;
				SWIFT_ACTIVE_COMPILATION_CONDITIONS = DEBUG;
				SWIFT_OPTIMIZATION_LEVEL = "-Onone";
			};
			name = Debug;
		};
		9C25DDCE2A7BB23500D5700C /* Release */ = {
			isa = XCBuildConfiguration;
			buildSettings = {
				ALWAYS_SEARCH_USER_PATHS = NO;
				CLANG_ANALYZER_NONNULL = YES;
				CLANG_ANALYZER_NUMBER_OBJECT_CONVERSION = YES_AGGRESSIVE;
				CLANG_CXX_LANGUAGE_STANDARD = "gnu++20";
				CLANG_ENABLE_MODULES = YES;
				CLANG_ENABLE_OBJC_ARC = YES;
				CLANG_ENABLE_OBJC_WEAK = YES;
				CLANG_WARN_BLOCK_CAPTURE_AUTORELEASING = YES;
				CLANG_WARN_BOOL_CONVERSION = YES;
				CLANG_WARN_COMMA = YES;
				CLANG_WARN_CONSTANT_CONVERSION = YES;
				CLANG_WARN_DEPRECATED_OBJC_IMPLEMENTATIONS = YES;
				CLANG_WARN_DIRECT_OBJC_ISA_USAGE = YES_ERROR;
				CLANG_WARN_DOCUMENTATION_COMMENTS = YES;
				CLANG_WARN_EMPTY_BODY = YES;
				CLANG_WARN_ENUM_CONVERSION = YES;
				CLANG_WARN_INFINITE_RECURSION = YES;
				CLANG_WARN_INT_CONVERSION = YES;
				CLANG_WARN_NON_LITERAL_NULL_CONVERSION = YES;
				CLANG_WARN_OBJC_IMPLICIT_RETAIN_SELF = YES;
				CLANG_WARN_OBJC_LITERAL_CONVERSION = YES;
				CLANG_WARN_OBJC_ROOT_CLASS = YES_ERROR;
				CLANG_WARN_QUOTED_INCLUDE_IN_FRAMEWORK_HEADER = YES;
				CLANG_WARN_RANGE_LOOP_ANALYSIS = YES;
				CLANG_WARN_STRICT_PROTOTYPES = YES;
				CLANG_WARN_SUSPICIOUS_MOVE = YES;
				CLANG_WARN_UNGUARDED_AVAILABILITY = YES_AGGRESSIVE;
				CLANG_WARN_UNREACHABLE_CODE = YES;
				CLANG_WARN__DUPLICATE_METHOD_MATCH = YES;
				COPY_PHASE_STRIP = NO;
				DEBUG_INFORMATION_FORMAT = "dwarf-with-dsym";
				ENABLE_NS_ASSERTIONS = NO;
				ENABLE_STRICT_OBJC_MSGSEND = YES;
				GCC_C_LANGUAGE_STANDARD = gnu11;
				GCC_NO_COMMON_BLOCKS = YES;
				GCC_WARN_64_TO_32_BIT_CONVERSION = YES;
				GCC_WARN_ABOUT_RETURN_TYPE = YES_ERROR;
				GCC_WARN_UNDECLARED_SELECTOR = YES;
				GCC_WARN_UNINITIALIZED_AUTOS = YES_AGGRESSIVE;
				GCC_WARN_UNUSED_FUNCTION = YES;
				GCC_WARN_UNUSED_VARIABLE = YES;
				IPHONEOS_DEPLOYMENT_TARGET = 16.4;
				MTL_ENABLE_DEBUG_INFO = NO;
				MTL_FAST_MATH = YES;
				SDKROOT = iphoneos;
				SWIFT_COMPILATION_MODE = wholemodule;
				SWIFT_OPTIMIZATION_LEVEL = "-O";
				VALIDATE_PRODUCT = YES;
			};
			name = Release;
		};
		9C25DDD02A7BB23500D5700C /* Debug */ = {
			isa = XCBuildConfiguration;
			buildSettings = {
				ASSETCATALOG_COMPILER_APPICON_NAME = AppIcon;
				ASSETCATALOG_COMPILER_GLOBAL_ACCENT_COLOR_NAME = AccentColor;
				CODE_SIGN_STYLE = Automatic;
				CURRENT_PROJECT_VERSION = 1;
				DEVELOPMENT_TEAM = 9734E9UQ55;
				GENERATE_INFOPLIST_FILE = YES;
				INFOPLIST_FILE = TestList/Info.plist;
				INFOPLIST_KEY_UIApplicationSupportsIndirectInputEvents = YES;
				INFOPLIST_KEY_UILaunchStoryboardName = LaunchScreen;
				INFOPLIST_KEY_UISupportedInterfaceOrientations_iPad = "UIInterfaceOrientationPortrait UIInterfaceOrientationPortraitUpsideDown UIInterfaceOrientationLandscapeLeft UIInterfaceOrientationLandscapeRight";
				INFOPLIST_KEY_UISupportedInterfaceOrientations_iPhone = "UIInterfaceOrientationPortrait UIInterfaceOrientationLandscapeLeft UIInterfaceOrientationLandscapeRight";
				LD_RUNPATH_SEARCH_PATHS = (
					"$(inherited)",
					"@executable_path/Frameworks",
				);
				MARKETING_VERSION = 1.0;
				PRODUCT_BUNDLE_IDENTIFIER = com.finalcad..TestList;
				PRODUCT_NAME = "$(TARGET_NAME)";
				SWIFT_EMIT_LOC_STRINGS = YES;
				SWIFT_VERSION = 5.0;
				TARGETED_DEVICE_FAMILY = "1,2";
			};
			name = Debug;
		};
		9C25DDD12A7BB23500D5700C /* Release */ = {
			isa = XCBuildConfiguration;
			buildSettings = {
				ASSETCATALOG_COMPILER_APPICON_NAME = AppIcon;
				ASSETCATALOG_COMPILER_GLOBAL_ACCENT_COLOR_NAME = AccentColor;
				CODE_SIGN_STYLE = Automatic;
				CURRENT_PROJECT_VERSION = 1;
				DEVELOPMENT_TEAM = 9734E9UQ55;
				GENERATE_INFOPLIST_FILE = YES;
				INFOPLIST_FILE = TestList/Info.plist;
				INFOPLIST_KEY_UIApplicationSupportsIndirectInputEvents = YES;
				INFOPLIST_KEY_UILaunchStoryboardName = LaunchScreen;
				INFOPLIST_KEY_UISupportedInterfaceOrientations_iPad = "UIInterfaceOrientationPortrait UIInterfaceOrientationPortraitUpsideDown UIInterfaceOrientationLandscapeLeft UIInterfaceOrientationLandscapeRight";
				INFOPLIST_KEY_UISupportedInterfaceOrientations_iPhone = "UIInterfaceOrientationPortrait UIInterfaceOrientationLandscapeLeft UIInterfaceOrientationLandscapeRight";
				LD_RUNPATH_SEARCH_PATHS = (
					"$(inherited)",
					"@executable_path/Frameworks",
				);
				MARKETING_VERSION = 1.0;
				PRODUCT_BUNDLE_IDENTIFIER = com.finalcad..TestList;
				PRODUCT_NAME = "$(TARGET_NAME)";
				SWIFT_EMIT_LOC_STRINGS = YES;
				SWIFT_VERSION = 5.0;
				TARGETED_DEVICE_FAMILY = "1,2";
			};
			name = Release;
		};
/* End XCBuildConfiguration section */

/* Begin XCConfigurationList section */
		9C25DDB32A7BB23400D5700C /* Build configuration list for PBXProject "TestList" */ = {
			isa = XCConfigurationList;
			buildConfigurations = (
				9C25DDCD2A7BB23500D5700C /* Debug */,
				9C25DDCE2A7BB23500D5700C /* Release */,
			);
			defaultConfigurationIsVisible = 0;
			defaultConfigurationName = Release;
		};
		9C25DDCF2A7BB23500D5700C /* Build configuration list for PBXNativeTarget "TestList" */ = {
			isa = XCConfigurationList;
			buildConfigurations = (
				9C25DDD02A7BB23500D5700C /* Debug */,
				9C25DDD12A7BB23500D5700C /* Release */,
			);
			defaultConfigurationIsVisible = 0;
			defaultConfigurationName = Release;
		};
/* End XCConfigurationList section */

/* Begin XCVersionGroup section */
		9C25DDC42A7BB23400D5700C /* TestList.xcdatamodeld */ = {
			isa = XCVersionGroup;
			children = (
				9C25DDC52A7BB23400D5700C /* TestList.xcdatamodel */,
			);
			currentVersion = 9C25DDC52A7BB23400D5700C /* TestList.xcdatamodel */;
			path = TestList.xcdatamodeld;
			sourceTree = "<group>";
			versionGroupType = wrapper.xcdatamodel;
		};
/* End XCVersionGroup section */
	};
	rootObject = 9C25DDB02A7BB23400D5700C /* Project object */;
}
